# THIS IS AN AUTOGENERATED FILE. DO NOT EDIT THIS FILE DIRECTLY.
# yarn lockfile v1


"@types/expo__vector-icons@^6.2.2":
  version "6.2.2"
  resolved "https://registry.yarnpkg.com/@types/expo__vector-icons/-/expo__vector-icons-6.2.2.tgz#fe8a8a6fd3536ecc093476d19d039bbcb9e2f8c9"
  dependencies:
    "@types/react" "*"
    "@types/react-native" "*"
    "@types/react-native-vector-icons" "*"

"@types/react-native-vector-icons@*":
  version "4.6.1"
  resolved "https://registry.yarnpkg.com/@types/react-native-vector-icons/-/react-native-vector-icons-4.6.1.tgz#a9b2ee1a4b297b87a9917337aeee404c36fda8c2"
  dependencies:
    "@types/react" "*"
    "@types/react-native" "*"

"@types/react-native@*":
  version "0.56.4"
  resolved "https://registry.yarnpkg.com/@types/react-native/-/react-native-0.56.4.tgz#2643ca2a9a81e30da9fde96cfd8587fca4e3c19d"
  dependencies:
    "@types/react" "*"

"@types/react@*":
  version "16.4.7"
  resolved "https://registry.yarnpkg.com/@types/react/-/react-16.4.7.tgz#f33f6d759a7e1833befa15224d68942d178a5a3f"
  dependencies:
    csstype "^2.2.0"

csstype@^2.2.0:
  version "2.5.6"
  resolved "https://registry.yarnpkg.com/csstype/-/csstype-2.5.6.tgz#2ae1db2319642d8b80a668d2d025c6196071e788"
